
Microsoft Visual Studio Solution File, Format Version 12.00
# Visual Studio Version 17
VisualStudioVersion = 17.1.32228.430
MinimumVisualStudioVersion = 10.0.40219.1
Project("{FAE04EC0-301F-11D3-BF4B-00C04F79EFBC}") = "Armstrong_Number", "Armstrong_Number.csproj", "{727016B4-EAEC-49EE-BDCA-E6F87370B4C2}"
EndProject
Global
	GlobalSection(SolutionConfigurationPlatforms) = preSolution
		Debug|Any CPU = Debug|Any CPU
		Release|Any CPU = Release|Any CPU
	EndGlobalSection
	GlobalSection(ProjectConfigurationPlatforms) = postSolution
		{727016B4-EAEC-49EE-BDCA-E6F87370B4C2}.Debug|Any CPU.ActiveCfg = Debug|Any CPU
		{727016B4-EAEC-49EE-BDCA-E6F87370B4C2}.Debug|Any CPU.Build.0 = Debug|Any CPU
		{727016B4-EAEC-49EE-BDCA-E6F87370B4C2}.Release|Any CPU.ActiveCfg = Release|Any CPU
		{727016B4-EAEC-49EE-BDCA-E6F87370B4C2}.Release|Any CPU.Build.0 = Release|Any CPU
	EndGlobalSection
	GlobalSection(SolutionProperties) = preSolution
		HideSolutionNode = FALSE
	EndGlobalSection
	GlobalSection(ExtensibilityGlobals) = postSolution
		SolutionGuid = {88CC3559-62AB-4E6B-8A4C-709C74BF8FE0}
	EndGlobalSection
EndGlobal
